
Microsoft Visual Studio Solution File, Format Version 12.00
# Visual Studio Version 16
VisualStudioVersion = 16.0.32106.194
MinimumVisualStudioVersion = 10.0.40219.1
Project("{FAE04EC0-301F-11D3-BF4B-00C04F79EFBC}") = "Practical_8", "Practical_8\Practical_8.csproj", "{F049B0B4-3233-4A0A-A71C-40B47E6DEBBF}"
EndProject
Project("{FAE04EC0-301F-11D3-BF4B-00C04F79EFBC}") = "Practical-8.Test", "Practical-8.Test\Practical-8.Test.csproj", "{A9E442A8-7343-4F5F-86B0-D49CC8484AB3}"
EndProject
Global
	GlobalSection(SolutionConfigurationPlatforms) = preSolution
		Debug|Any CPU = Debug|Any CPU
		Release|Any CPU = Release|Any CPU
	EndGlobalSection
	GlobalSection(ProjectConfigurationPlatforms) = postSolution
		{F049B0B4-3233-4A0A-A71C-40B47E6DEBBF}.Debug|Any CPU.ActiveCfg = Debug|Any CPU
		{F049B0B4-3233-4A0A-A71C-40B47E6DEBBF}.Debug|Any CPU.Build.0 = Debug|Any CPU
		{F049B0B4-3233-4A0A-A71C-40B47E6DEBBF}.Release|Any CPU.ActiveCfg = Release|Any CPU
		{F049B0B4-3233-4A0A-A71C-40B47E6DEBBF}.Release|Any CPU.Build.0 = Release|Any CPU
		{A9E442A8-7343-4F5F-86B0-D49CC8484AB3}.Debug|Any CPU.ActiveCfg = Debug|Any CPU
		{A9E442A8-7343-4F5F-86B0-D49CC8484AB3}.Debug|Any CPU.Build.0 = Debug|Any CPU
		{A9E442A8-7343-4F5F-86B0-D49CC8484AB3}.Release|Any CPU.ActiveCfg = Release|Any CPU
		{A9E442A8-7343-4F5F-86B0-D49CC8484AB3}.Release|Any CPU.Build.0 = Release|Any CPU
	EndGlobalSection
	GlobalSection(SolutionProperties) = preSolution
		HideSolutionNode = FALSE
	EndGlobalSection
	GlobalSection(ExtensibilityGlobals) = postSolution
		SolutionGuid = {881E8976-9139-46F3-B744-44861C2585B6}
	EndGlobalSection
EndGlobal
