
Microsoft Visual Studio Solution File, Format Version 12.00
# Visual Studio Version 16
VisualStudioVersion = 16.0.32106.194
MinimumVisualStudioVersion = 10.0.40219.1
Project("{FAE04EC0-301F-11D3-BF4B-00C04F79EFBC}") = "Pract-12_2", "Pract-12_2\Pract-12_2.csproj", "{801CD37A-394F-4A65-9C1C-27E40152E2B9}"
EndProject
Project("{FAE04EC0-301F-11D3-BF4B-00C04F79EFBC}") = "Repository", "Repository\Repository.csproj", "{D2C84ADA-FB2C-46BF-859E-1F2847A665B1}"
EndProject
Project("{FAE04EC0-301F-11D3-BF4B-00C04F79EFBC}") = "Model", "Model\Model.csproj", "{6E26974B-06A2-4319-81F5-2DF39D6C05CB}"
EndProject
Global
	GlobalSection(SolutionConfigurationPlatforms) = preSolution
		Debug|Any CPU = Debug|Any CPU
		Release|Any CPU = Release|Any CPU
	EndGlobalSection
	GlobalSection(ProjectConfigurationPlatforms) = postSolution
		{801CD37A-394F-4A65-9C1C-27E40152E2B9}.Debug|Any CPU.ActiveCfg = Debug|Any CPU
		{801CD37A-394F-4A65-9C1C-27E40152E2B9}.Debug|Any CPU.Build.0 = Debug|Any CPU
		{801CD37A-394F-4A65-9C1C-27E40152E2B9}.Release|Any CPU.ActiveCfg = Release|Any CPU
		{801CD37A-394F-4A65-9C1C-27E40152E2B9}.Release|Any CPU.Build.0 = Release|Any CPU
		{D2C84ADA-FB2C-46BF-859E-1F2847A665B1}.Debug|Any CPU.ActiveCfg = Debug|Any CPU
		{D2C84ADA-FB2C-46BF-859E-1F2847A665B1}.Debug|Any CPU.Build.0 = Debug|Any CPU
		{D2C84ADA-FB2C-46BF-859E-1F2847A665B1}.Release|Any CPU.ActiveCfg = Release|Any CPU
		{D2C84ADA-FB2C-46BF-859E-1F2847A665B1}.Release|Any CPU.Build.0 = Release|Any CPU
		{6E26974B-06A2-4319-81F5-2DF39D6C05CB}.Debug|Any CPU.ActiveCfg = Debug|Any CPU
		{6E26974B-06A2-4319-81F5-2DF39D6C05CB}.Debug|Any CPU.Build.0 = Debug|Any CPU
		{6E26974B-06A2-4319-81F5-2DF39D6C05CB}.Release|Any CPU.ActiveCfg = Release|Any CPU
		{6E26974B-06A2-4319-81F5-2DF39D6C05CB}.Release|Any CPU.Build.0 = Release|Any CPU
	EndGlobalSection
	GlobalSection(SolutionProperties) = preSolution
		HideSolutionNode = FALSE
	EndGlobalSection
	GlobalSection(ExtensibilityGlobals) = postSolution
		SolutionGuid = {14AC2154-C982-482C-90D0-E0054C8BE0F3}
	EndGlobalSection
EndGlobal
